
Microsoft Visual Studio Solution File, Format Version 12.00
Project("{2150E333-8FDC-42A3-9474-1A3956D46DE8}") = "src", "src", "{0FB39472-B394-492F-B121-1736FC408A4B}"
EndProject
Project("{FAE04EC0-301F-11D3-BF4B-00C04F79EFBC}") = "GherXUnit.Annotations", "src\GherXUnit.Annotations\GherXUnit.Annotations.csproj", "{FFF7594C-DE38-4808-A7A9-6A98AD13DF29}"
EndProject
Global
	GlobalSection(SolutionConfigurationPlatforms) = preSolution
		Debug|Any CPU = Debug|Any CPU
		Release|Any CPU = Release|Any CPU
	EndGlobalSection
	GlobalSection(ProjectConfigurationPlatforms) = postSolution
		{FFF7594C-DE38-4808-A7A9-6A98AD13DF29}.Debug|Any CPU.ActiveCfg = Debug|Any CPU
		{FFF7594C-DE38-4808-A7A9-6A98AD13DF29}.Debug|Any CPU.Build.0 = Debug|Any CPU
		{FFF7594C-DE38-4808-A7A9-6A98AD13DF29}.Release|Any CPU.ActiveCfg = Release|Any CPU
		{FFF7594C-DE38-4808-A7A9-6A98AD13DF29}.Release|Any CPU.Build.0 = Release|Any CPU
	EndGlobalSection
	GlobalSection(NestedProjects) = preSolution
		{FFF7594C-DE38-4808-A7A9-6A98AD13DF29} = {0FB39472-B394-492F-B121-1736FC408A4B}
	EndGlobalSection
EndGlobal
